{
  "lockfileVersion": 1,
  "configVersion": 0,
  "workspaces": {
    "": {
      "name": "client-plugins",
      "devDependencies": {
        "@biomejs/biome": "2.3.1",
        "@dimforge/rapier2d-compat": "~0.17.3",
        "@gimloader/build": "^1.6.1",
        "@gimloader/external-svelte-plugin": "^1.1.0",
        "@gimloader/types": "^2.1.0",
        "@types/bun": "^1.3.5",
        "antd": "^6.2.2",
        "compress-json": "^3.4.0",
        "dprint": "^0.50.2",
        "esbuild-svelte": "^0.9.4",
        "mobx": "^6.15.0",
        "svelte": "5.43.0",
        "svelte-check": "^4.4.6",
        "svelte-toggle": "^4.0.1",
        "typescript": "^6.0.2",
      },
    },
  },
  "packages": {
    "@ant-design/colors": ["@ant-design/colors@8.0.1", "", { "dependencies": { "@ant-design/fast-color": "^3.0.0" } }, "sha512-foPVl0+SWIslGUtD/xBr1p9U4AKzPhNYEseXYRRo5QSzGACYZrQbe11AYJbYfAWnWSpGBx6JjBmSeugUsD9vqQ=="],

    "@ant-design/cssinjs": ["@ant-design/cssinjs@2.0.3", "", { "dependencies": { "@babel/runtime": "^7.11.1", "@emotion/hash": "^0.8.0", "@emotion/unitless": "^0.7.5", "@rc-component/util": "^1.4.0", "clsx": "^2.1.1", "csstype": "^3.1.3", "stylis": "^4.3.4" }, "peerDependencies": { "react": ">=16.0.0", "react-dom": ">=16.0.0" } }, "sha512-HAo8SZ3a6G8v6jT0suCz1270na6EA3obeJWM4uzRijBhdwdoMAXWK2f4WWkwB28yUufsfk3CAhN1coGPQq4kNQ=="],

    "@ant-design/cssinjs-utils": ["@ant-design/cssinjs-utils@2.0.2", "", { "dependencies": { "@ant-design/cssinjs": "^2.0.1", "@babel/runtime": "^7.23.2", "@rc-component/util": "^1.4.0" }, "peerDependencies": { "react": ">=18", "react-dom": ">=18" } }, "sha512-Mq3Hm6fJuQeFNKSp3+yT4bjuhVbdrsyXE2RyfpJFL0xiYNZdaJ6oFaE3zFrzmHbmvTd2Wp3HCbRtkD4fU+v2ZA=="],

    "@ant-design/fast-color": ["@ant-design/fast-color@3.0.1", "", {}, "sha512-esKJegpW4nckh0o6kV3Tkb7NPIZYbPnnFxmQDUmL08ukXZAvV85TZBr70eGuke/CIArLaP6aw8lt9KILjnWuOw=="],

    "@ant-design/icons": ["@ant-design/icons@6.1.0", "", { "dependencies": { "@ant-design/colors": "^8.0.0", "@ant-design/icons-svg": "^4.4.0", "@rc-component/util": "^1.3.0", "clsx": "^2.1.1" }, "peerDependencies": { "react": ">=16.0.0", "react-dom": ">=16.0.0" } }, "sha512-KrWMu1fIg3w/1F2zfn+JlfNDU8dDqILfA5Tg85iqs1lf8ooyGlbkA+TkwfOKKgqpUmAiRY1PTFpuOU2DAIgSUg=="],

    "@ant-design/icons-svg": ["@ant-design/icons-svg@4.4.2", "", {}, "sha512-vHbT+zJEVzllwP+CM+ul7reTEfBR0vgxFe7+lREAsAA7YGsYpboiq2sQNeQeRvh09GfQgs/GyFEvZpJ9cLXpXA=="],

    "@ant-design/react-slick": ["@ant-design/react-slick@2.0.0", "", { "dependencies": { "@babel/runtime": "^7.28.4", "clsx": "^2.1.1", "json2mq": "^0.2.0", "throttle-debounce": "^5.0.0" }, "peerDependencies": { "react": "^0.14.0 || ^15.0.1 || ^16.0.0 || ^17.0.0 || ^18.0.0 || ^19.0.0", "react-dom": "^0.14.0 || ^15.0.1 || ^16.0.0 || ^17.0.0 || ^18.0.0 || ^19.0.0" } }, "sha512-HMS9sRoEmZey8LsE/Yo6+klhlzU12PisjrVcydW3So7RdklyEd2qehyU6a7Yp+OYN72mgsYs3NFCyP2lCPFVqg=="],

    "@babel/runtime": ["@babel/runtime@7.28.6", "", {}, "sha512-05WQkdpL9COIMz4LjTxGpPNCdlpyimKppYNoJ5Di5EUObifl8t4tuLuUBBZEpoLYOmfvIWrsp9fCl0HoPRVTdA=="],

    "@biomejs/biome": ["@biomejs/biome@2.3.1", "", { "optionalDependencies": { "@biomejs/cli-darwin-arm64": "2.3.1", "@biomejs/cli-darwin-x64": "2.3.1", "@biomejs/cli-linux-arm64": "2.3.1", "@biomejs/cli-linux-arm64-musl": "2.3.1", "@biomejs/cli-linux-x64": "2.3.1", "@biomejs/cli-linux-x64-musl": "2.3.1", "@biomejs/cli-win32-arm64": "2.3.1", "@biomejs/cli-win32-x64": "2.3.1" }, "bin": { "biome": "bin/biome" } }, "sha512-A29evf1R72V5bo4o2EPxYMm5mtyGvzp2g+biZvRFx29nWebGyyeOSsDWGx3tuNNMFRepGwxmA9ZQ15mzfabK2w=="],

    "@biomejs/cli-darwin-arm64": ["@biomejs/cli-darwin-arm64@2.3.1", "", { "os": "darwin", "cpu": "arm64" }, "sha512-ombSf3MnTUueiYGN1SeI9tBCsDUhpWzOwS63Dove42osNh0PfE1cUtHFx6eZ1+MYCCLwXzlFlYFdrJ+U7h6LcA=="],

    "@biomejs/cli-darwin-x64": ["@biomejs/cli-darwin-x64@2.3.1", "", { "os": "darwin", "cpu": "x64" }, "sha512-pcOfwyoQkrkbGvXxRvZNe5qgD797IowpJPovPX5biPk2FwMEV+INZqfCaz4G5bVq9hYnjwhRMamg11U4QsRXrQ=="],

    "@biomejs/cli-linux-arm64": ["@biomejs/cli-linux-arm64@2.3.1", "", { "os": "linux", "cpu": "arm64" }, "sha512-td5O8pFIgLs8H1sAZsD6v+5quODihyEw4nv2R8z7swUfIK1FKk+15e4eiYVLcAE4jUqngvh4j3JCNgg0Y4o4IQ=="],

    "@biomejs/cli-linux-arm64-musl": ["@biomejs/cli-linux-arm64-musl@2.3.1", "", { "os": "linux", "cpu": "arm64" }, "sha512-+DZYv8l7FlUtTrWs1Tdt1KcNCAmRO87PyOnxKGunbWm5HKg1oZBSbIIPkjrCtDZaeqSG1DiGx7qF+CPsquQRcg=="],

    "@biomejs/cli-linux-x64": ["@biomejs/cli-linux-x64@2.3.1", "", { "os": "linux", "cpu": "x64" }, "sha512-PYWgEO7up7XYwSAArOpzsVCiqxBCXy53gsReAb1kKYIyXaoAlhBaBMvxR/k2Rm9aTuZ662locXUmPk/Aj+Xu+Q=="],

    "@biomejs/cli-linux-x64-musl": ["@biomejs/cli-linux-x64-musl@2.3.1", "", { "os": "linux", "cpu": "x64" }, "sha512-Y3Ob4nqgv38Mh+6EGHltuN+Cq8aj/gyMTJYzkFZV2AEj+9XzoXB9VNljz9pjfFNHUxvLEV4b55VWyxozQTBaUQ=="],

    "@biomejs/cli-win32-arm64": ["@biomejs/cli-win32-arm64@2.3.1", "", { "os": "win32", "cpu": "arm64" }, "sha512-RHIG/zgo+69idUqVvV3n8+j58dKYABRpMyDmfWu2TITC+jwGPiEaT0Q3RKD+kQHiS80mpBrST0iUGeEXT0bU9A=="],

    "@biomejs/cli-win32-x64": ["@biomejs/cli-win32-x64@2.3.1", "", { "os": "win32", "cpu": "x64" }, "sha512-izl30JJ5Dp10mi90Eko47zhxE6pYyWPcnX1NQxKpL/yMhXxf95oLTzfpu4q+MDBh/gemNqyJEwjBpe0MT5iWPA=="],

    "@dimforge/rapier2d-compat": ["@dimforge/rapier2d-compat@0.17.3", "", {}, "sha512-d/twATjykQ3M92vReq8G4Vph40H6GQV9B9NiZbq6+Nr8z7ippLiisrfssb9x417cWG7bj8Hyz1flF4ChPKVH6w=="],

    "@dprint/darwin-arm64": ["@dprint/darwin-arm64@0.50.2", "", { "os": "darwin", "cpu": "arm64" }, "sha512-4d08INZlTxbPW9LK9W8+93viN543/qA2Kxn4azVnPW/xCb2Im03UqJBz8mMm3nJZdtNnK3uTVG3ib1VW+XJisw=="],

    "@dprint/darwin-x64": ["@dprint/darwin-x64@0.50.2", "", { "os": "darwin", "cpu": "x64" }, "sha512-ZXWPBwdLojhdBATq+bKwJvB7D8bIzrD6eR/Xuq9UYE7evQazUiR069d9NPF0iVuzTo6wNf9ub9SXI7qDl11EGA=="],

    "@dprint/linux-arm64-glibc": ["@dprint/linux-arm64-glibc@0.50.2", "", { "os": "linux", "cpu": "arm64" }, "sha512-marxQzRw8atXAnaawwZHeeUaaAVewrGTlFKKcDASGyjPBhc23J5fHPUPremm8xCbgYZyTlokzrV8/1rDRWhJcw=="],

    "@dprint/linux-arm64-musl": ["@dprint/linux-arm64-musl@0.50.2", "", { "os": "linux", "cpu": "arm64" }, "sha512-oGDq44ydzo0ZkJk6RHcUzUN5sOMT5HC6WA8kHXI6tkAsLUkaLO2DzZFfW4aAYZUn+hYNpQfQD8iGew0sjkyLyg=="],

    "@dprint/linux-riscv64-glibc": ["@dprint/linux-riscv64-glibc@0.50.2", "", { "os": "linux", "cpu": "none" }, "sha512-QMmZoZYWsXezDcC03fBOwPfxhTpPEyHqutcgJ0oauN9QcSXGji9NSZITMmtLz2Ki3T1MIvdaLd1goGzNSvNqTQ=="],

    "@dprint/linux-x64-glibc": ["@dprint/linux-x64-glibc@0.50.2", "", { "os": "linux", "cpu": "x64" }, "sha512-KMeHEzb4teQJChTgq8HuQzc+reRNDnarOTGTQovAZ9WNjOtKLViftsKWW5HsnRHtP5nUIPE9rF1QLjJ/gUsqvw=="],

    "@dprint/linux-x64-musl": ["@dprint/linux-x64-musl@0.50.2", "", { "os": "linux", "cpu": "x64" }, "sha512-qM37T7H69g5coBTfE7SsA+KZZaRBky6gaUhPgAYxW+fOsoVtZSVkXtfTtQauHTpqqOEtbxfCtum70Hz1fr1teg=="],

    "@dprint/win32-arm64": ["@dprint/win32-arm64@0.50.2", "", { "os": "win32", "cpu": "arm64" }, "sha512-kuGVHGoxLwssVDsodefUIYQRoO2fQncurH/xKgXiZwMPOSzFcgUzYJQiyqmJEp+PENhO9VT1hXUHZtlyCAWBUQ=="],

    "@dprint/win32-x64": ["@dprint/win32-x64@0.50.2", "", { "os": "win32", "cpu": "x64" }, "sha512-N3l9k31c3IMfVXqL0L6ygIhJFvCIrfQ+Z5Jph6RnCcBO6oDYWeYhAv/qBk1vLsF2y/e79TKsR1tvaEwnrQ03XA=="],

    "@emotion/hash": ["@emotion/hash@0.8.0", "", {}, "sha512-kBJtf7PH6aWwZ6fka3zQ0p6SBYzx4fl1LoZXE2RrnYST9Xljm7WfKJrU4g/Xr3Beg72MLrp1AWNUmuYJTL7Cow=="],

    "@emotion/unitless": ["@emotion/unitless@0.7.5", "", {}, "sha512-OWORNpfjMsSSUBVrRBVGECkhWcULOAJz9ZW8uK9qgxD+87M7jHRcvh/A96XXNhXTLmKcoYSQtBEX7lHMO7YRwg=="],

    "@esbuild/aix-ppc64": ["@esbuild/aix-ppc64@0.25.11", "", { "os": "aix", "cpu": "ppc64" }, "sha512-Xt1dOL13m8u0WE8iplx9Ibbm+hFAO0GsU2P34UNoDGvZYkY8ifSiy6Zuc1lYxfG7svWE2fzqCUmFp5HCn51gJg=="],

    "@esbuild/android-arm": ["@esbuild/android-arm@0.25.11", "", { "os": "android", "cpu": "arm" }, "sha512-uoa7dU+Dt3HYsethkJ1k6Z9YdcHjTrSb5NUy66ZfZaSV8hEYGD5ZHbEMXnqLFlbBflLsl89Zke7CAdDJ4JI+Gg=="],

    "@esbuild/android-arm64": ["@esbuild/android-arm64@0.25.11", "", { "os": "android", "cpu": "arm64" }, "sha512-9slpyFBc4FPPz48+f6jyiXOx/Y4v34TUeDDXJpZqAWQn/08lKGeD8aDp9TMn9jDz2CiEuHwfhRmGBvpnd/PWIQ=="],

    "@esbuild/android-x64": ["@esbuild/android-x64@0.25.11", "", { "os": "android", "cpu": "x64" }, "sha512-Sgiab4xBjPU1QoPEIqS3Xx+R2lezu0LKIEcYe6pftr56PqPygbB7+szVnzoShbx64MUupqoE0KyRlN7gezbl8g=="],

    "@esbuild/darwin-arm64": ["@esbuild/darwin-arm64@0.25.11", "", { "os": "darwin", "cpu": "arm64" }, "sha512-VekY0PBCukppoQrycFxUqkCojnTQhdec0vevUL/EDOCnXd9LKWqD/bHwMPzigIJXPhC59Vd1WFIL57SKs2mg4w=="],

    "@esbuild/darwin-x64": ["@esbuild/darwin-x64@0.25.11", "", { "os": "darwin", "cpu": "x64" }, "sha512-+hfp3yfBalNEpTGp9loYgbknjR695HkqtY3d3/JjSRUyPg/xd6q+mQqIb5qdywnDxRZykIHs3axEqU6l1+oWEQ=="],

    "@esbuild/freebsd-arm64": ["@esbuild/freebsd-arm64@0.25.11", "", { "os": "freebsd", "cpu": "arm64" }, "sha512-CmKjrnayyTJF2eVuO//uSjl/K3KsMIeYeyN7FyDBjsR3lnSJHaXlVoAK8DZa7lXWChbuOk7NjAc7ygAwrnPBhA=="],

    "@esbuild/freebsd-x64": ["@esbuild/freebsd-x64@0.25.11", "", { "os": "freebsd", "cpu": "x64" }, "sha512-Dyq+5oscTJvMaYPvW3x3FLpi2+gSZTCE/1ffdwuM6G1ARang/mb3jvjxs0mw6n3Lsw84ocfo9CrNMqc5lTfGOw=="],

    "@esbuild/linux-arm": ["@esbuild/linux-arm@0.25.11", "", { "os": "linux", "cpu": "arm" }, "sha512-TBMv6B4kCfrGJ8cUPo7vd6NECZH/8hPpBHHlYI3qzoYFvWu2AdTvZNuU/7hsbKWqu/COU7NIK12dHAAqBLLXgw=="],

    "@esbuild/linux-arm64": ["@esbuild/linux-arm64@0.25.11", "", { "os": "linux", "cpu": "arm64" }, "sha512-Qr8AzcplUhGvdyUF08A1kHU3Vr2O88xxP0Tm8GcdVOUm25XYcMPp2YqSVHbLuXzYQMf9Bh/iKx7YPqECs6ffLA=="],

    "@esbuild/linux-ia32": ["@esbuild/linux-ia32@0.25.11", "", { "os": "linux", "cpu": "ia32" }, "sha512-TmnJg8BMGPehs5JKrCLqyWTVAvielc615jbkOirATQvWWB1NMXY77oLMzsUjRLa0+ngecEmDGqt5jiDC6bfvOw=="],

    "@esbuild/linux-loong64": ["@esbuild/linux-loong64@0.25.11", "", { "os": "linux", "cpu": "none" }, "sha512-DIGXL2+gvDaXlaq8xruNXUJdT5tF+SBbJQKbWy/0J7OhU8gOHOzKmGIlfTTl6nHaCOoipxQbuJi7O++ldrxgMw=="],

    "@esbuild/linux-mips64el": ["@esbuild/linux-mips64el@0.25.11", "", { "os": "linux", "cpu": "none" }, "sha512-Osx1nALUJu4pU43o9OyjSCXokFkFbyzjXb6VhGIJZQ5JZi8ylCQ9/LFagolPsHtgw6himDSyb5ETSfmp4rpiKQ=="],

    "@esbuild/linux-ppc64": ["@esbuild/linux-ppc64@0.25.11", "", { "os": "linux", "cpu": "ppc64" }, "sha512-nbLFgsQQEsBa8XSgSTSlrnBSrpoWh7ioFDUmwo158gIm5NNP+17IYmNWzaIzWmgCxq56vfr34xGkOcZ7jX6CPw=="],

    "@esbuild/linux-riscv64": ["@esbuild/linux-riscv64@0.25.11", "", { "os": "linux", "cpu": "none" }, "sha512-HfyAmqZi9uBAbgKYP1yGuI7tSREXwIb438q0nqvlpxAOs3XnZ8RsisRfmVsgV486NdjD7Mw2UrFSw51lzUk1ww=="],

    "@esbuild/linux-s390x": ["@esbuild/linux-s390x@0.25.11", "", { "os": "linux", "cpu": "s390x" }, "sha512-HjLqVgSSYnVXRisyfmzsH6mXqyvj0SA7pG5g+9W7ESgwA70AXYNpfKBqh1KbTxmQVaYxpzA/SvlB9oclGPbApw=="],

    "@esbuild/linux-x64": ["@esbuild/linux-x64@0.25.11", "", { "os": "linux", "cpu": "x64" }, "sha512-HSFAT4+WYjIhrHxKBwGmOOSpphjYkcswF449j6EjsjbinTZbp8PJtjsVK1XFJStdzXdy/jaddAep2FGY+wyFAQ=="],

    "@esbuild/netbsd-arm64": ["@esbuild/netbsd-arm64@0.25.11", "", { "os": "none", "cpu": "arm64" }, "sha512-hr9Oxj1Fa4r04dNpWr3P8QKVVsjQhqrMSUzZzf+LZcYjZNqhA3IAfPQdEh1FLVUJSiu6sgAwp3OmwBfbFgG2Xg=="],

    "@esbuild/netbsd-x64": ["@esbuild/netbsd-x64@0.25.11", "", { "os": "none", "cpu": "x64" }, "sha512-u7tKA+qbzBydyj0vgpu+5h5AeudxOAGncb8N6C9Kh1N4n7wU1Xw1JDApsRjpShRpXRQlJLb9wY28ELpwdPcZ7A=="],

    "@esbuild/openbsd-arm64": ["@esbuild/openbsd-arm64@0.25.11", "", { "os": "openbsd", "cpu": "arm64" }, "sha512-Qq6YHhayieor3DxFOoYM1q0q1uMFYb7cSpLD2qzDSvK1NAvqFi8Xgivv0cFC6J+hWVw2teCYltyy9/m/14ryHg=="],

    "@esbuild/openbsd-x64": ["@esbuild/openbsd-x64@0.25.11", "", { "os": "openbsd", "cpu": "x64" }, "sha512-CN+7c++kkbrckTOz5hrehxWN7uIhFFlmS/hqziSFVWpAzpWrQoAG4chH+nN3Be+Kzv/uuo7zhX716x3Sn2Jduw=="],

    "@esbuild/openharmony-arm64": ["@esbuild/openharmony-arm64@0.25.11", "", { "os": "none", "cpu": "arm64" }, "sha512-rOREuNIQgaiR+9QuNkbkxubbp8MSO9rONmwP5nKncnWJ9v5jQ4JxFnLu4zDSRPf3x4u+2VN4pM4RdyIzDty/wQ=="],

    "@esbuild/sunos-x64": ["@esbuild/sunos-x64@0.25.11", "", { "os": "sunos", "cpu": "x64" }, "sha512-nq2xdYaWxyg9DcIyXkZhcYulC6pQ2FuCgem3LI92IwMgIZ69KHeY8T4Y88pcwoLIjbed8n36CyKoYRDygNSGhA=="],

    "@esbuild/win32-arm64": ["@esbuild/win32-arm64@0.25.11", "", { "os": "win32", "cpu": "arm64" }, "sha512-3XxECOWJq1qMZ3MN8srCJ/QfoLpL+VaxD/WfNRm1O3B4+AZ/BnLVgFbUV3eiRYDMXetciH16dwPbbHqwe1uU0Q=="],

    "@esbuild/win32-ia32": ["@esbuild/win32-ia32@0.25.11", "", { "os": "win32", "cpu": "ia32" }, "sha512-3ukss6gb9XZ8TlRyJlgLn17ecsK4NSQTmdIXRASVsiS2sQ6zPPZklNJT5GR5tE/MUarymmy8kCEf5xPCNCqVOA=="],

    "@esbuild/win32-x64": ["@esbuild/win32-x64@0.25.11", "", { "os": "win32", "cpu": "x64" }, "sha512-D7Hpz6A2L4hzsRpPaCYkQnGOotdUpDzSGRIv9I+1ITdHROSFUWW95ZPZWQmGka1Fg7W3zFJowyn9WGwMJ0+KPA=="],

    "@gimloader/build": ["@gimloader/build@1.6.1", "", { "dependencies": { "chokidar": "^4.0.3", "esbuild": "^0.25.9", "yargs": "^17.7.2", "zod": "^4.1.12" }, "bin": { "gimloader": "dist/cli.js", "gl": "dist/cli.js" } }, "sha512-U5Oy+iC97XC3kI+F9RVKKX3o2KG5JMwViFftzzsNyBzcAvACBkdYbhaHszpw+Ogv2TrI4acK1hGX1zNvnOxDdw=="],

    "@gimloader/external-svelte-plugin": ["@gimloader/external-svelte-plugin@1.1.0", "", { "peerDependencies": { "esbuild": ">=0.17.0", "svelte": "5.43.0", "typescript": "^5" } }, "sha512-4L3FXEUUYp5wjmEwplSv6BZ4Ukqg/k1jCnpzl9xyea5VYho07NMFdrkK5bBcdW4E/ZKEn3Lsz9eTgKWqIzi8eg=="],

    "@gimloader/types": ["@gimloader/types@2.1.0", "", { "dependencies": { "@dimforge/rapier2d-compat": "~0.17.3", "@types/react": "~18.3", "@types/react-dom": "~18.3", "phaser": "~3.90.0" }, "peerDependencies": { "svelte": "5.43.0" }, "optionalPeers": ["svelte"] }, "sha512-UD6DRviSD6J9zHDvKzpuiqdWH02JU8SWKUMQwD2xSBFa3+cLYNHJnbj0hN+4GPyiiOCZa9/PJVfV8+uVA9SaDg=="],

    "@jridgewell/gen-mapping": ["@jridgewell/gen-mapping@0.3.13", "", { "dependencies": { "@jridgewell/sourcemap-codec": "^1.5.0", "@jridgewell/trace-mapping": "^0.3.24" } }, "sha512-2kkt/7niJ6MgEPxF0bYdQ6etZaA+fQvDcLKckhy1yIQOzaoKjBBjSj63/aLVjYE3qhRt5dvM+uUyfCg6UKCBbA=="],

    "@jridgewell/remapping": ["@jridgewell/remapping@2.3.5", "", { "dependencies": { "@jridgewell/gen-mapping": "^0.3.5", "@jridgewell/trace-mapping": "^0.3.24" } }, "sha512-LI9u/+laYG4Ds1TDKSJW2YPrIlcVYOwi2fUC6xB43lueCjgxV4lffOCZCtYFiH6TNOX+tQKXx97T4IKHbhyHEQ=="],

    "@jridgewell/resolve-uri": ["@jridgewell/resolve-uri@3.1.2", "", {}, "sha512-bRISgCIjP20/tbWSPWMEi54QVPRZExkuD9lJL+UIxUKtwVJA8wW1Trb1jMs1RFXo1CBTNZ/5hpC9QvmKWdopKw=="],

    "@jridgewell/sourcemap-codec": ["@jridgewell/sourcemap-codec@1.5.5", "", {}, "sha512-cYQ9310grqxueWbl+WuIUIaiUaDcj7WOq5fVhEljNVgRfOUhY9fy2zTvfoqWsnebh8Sl70VScFbICvJnLKB0Og=="],

    "@jridgewell/trace-mapping": ["@jridgewell/trace-mapping@0.3.31", "", { "dependencies": { "@jridgewell/resolve-uri": "^3.1.0", "@jridgewell/sourcemap-codec": "^1.4.14" } }, "sha512-zzNR+SdQSDJzc8joaeP8QQoCQr8NuYx2dIIytl1QeBEZHJ9uW6hebsrYgbz8hJwUQao3TWCMtmfV8Nu1twOLAw=="],

    "@rc-component/async-validator": ["@rc-component/async-validator@5.1.0", "", { "dependencies": { "@babel/runtime": "^7.24.4" } }, "sha512-n4HcR5siNUXRX23nDizbZBQPO0ZM/5oTtmKZ6/eqL0L2bo747cklFdZGRN2f+c9qWGICwDzrhW0H7tE9PptdcA=="],

    "@rc-component/cascader": ["@rc-component/cascader@1.11.0", "", { "dependencies": { "@rc-component/select": "~1.5.0", "@rc-component/tree": "~1.1.0", "@rc-component/util": "^1.4.0", "clsx": "^2.1.1" }, "peerDependencies": { "react": ">=18.0.0", "react-dom": ">=18.0.0" } }, "sha512-VDiEsskThWi8l0/1Nquc9I4ytcMKQYAb9Jkm6wiX5O5fpcMRsm+b8OulBMbr/b4rFTl/2y2y4GdKqQ+2whD+XQ=="],

    "@rc-component/checkbox": ["@rc-component/checkbox@1.0.1", "", { "dependencies": { "@rc-component/util": "^1.3.0", "clsx": "^2.1.1" }, "peerDependencies": { "react": ">=16.9.0", "react-dom": ">=16.9.0" } }, "sha512-08yTH8m+bSm8TOqbybbJ9KiAuIATti6bDs2mVeSfu4QfEnyeF6X0enHVvD1NEAyuBWEAo56QtLe++MYs2D9XiQ=="],

    "@rc-component/collapse": ["@rc-component/collapse@1.2.0", "", { "dependencies": { "@babel/runtime": "^7.10.1", "@rc-component/motion": "^1.1.4", "@rc-component/util": "^1.3.0", "clsx": "^2.1.1" }, "peerDependencies": { "react": ">=18.0.0", "react-dom": ">=18.0.0" } }, "sha512-ZRYSKSS39qsFx93p26bde7JUZJshsUBEQRlRXPuJYlAiNX0vyYlF5TsAm8JZN3LcF8XvKikdzPbgAtXSbkLUkw=="],

    "@rc-component/color-picker": ["@rc-component/color-picker@3.0.3", "", { "dependencies": { "@ant-design/fast-color": "^3.0.0", "@rc-component/util": "^1.3.0", "clsx": "^2.1.1" }, "peerDependencies": { "react": ">=16.9.0", "react-dom": ">=16.9.0" } }, "sha512-V7gFF9O7o5XwIWafdbOtqI4BUUkEUkgdBwp6favy3xajMX/2dDqytFaiXlcwrpq6aRyPLp5dKLAG5RFKLXMeGA=="],

    "@rc-component/context": ["@rc-component/context@2.0.1", "", { "dependencies": { "@rc-component/util": "^1.3.0" }, "peerDependencies": { "react": ">=16.9.0", "react-dom": ">=16.9.0" } }, "sha512-HyZbYm47s/YqtP6pKXNMjPEMaukyg7P0qVfgMLzr7YiFNMHbK2fKTAGzms9ykfGHSfyf75nBbgWw+hHkp+VImw=="],

    "@rc-component/dialog": ["@rc-component/dialog@1.8.2", "", { "dependencies": { "@rc-component/motion": "^1.1.3", "@rc-component/portal": "^2.1.0", "@rc-component/util": "^1.7.0", "clsx": "^2.1.1" }, "peerDependencies": { "react": ">=18.0.0", "react-dom": ">=18.0.0" } }, "sha512-CwDSjpjZ1FcgsdKFPuSoYfi9Vbt2bp+ak4Pzkwq4APQC8DopJKWetRu1V+HE9vI1CNAeqvT5WAvAxE6RiDhl7A=="],

    "@rc-component/drawer": ["@rc-component/drawer@1.4.1", "", { "dependencies": { "@rc-component/motion": "^1.1.4", "@rc-component/portal": "^2.1.3", "@rc-component/util": "^1.7.0", "clsx": "^2.1.1" }, "peerDependencies": { "react": ">=18.0.0", "react-dom": ">=18.0.0" } }, "sha512-kNJQie/QjJO5wGeWrZQwSGeuo8staxXx1nYN+dpK2UY7i8teo5PQdZ6ukKSnnW9vmPXsLn3F5nKYRbf43e8+5g=="],

    "@rc-component/dropdown": ["@rc-component/dropdown@1.0.2", "", { "dependencies": { "@rc-component/trigger": "^3.0.0", "@rc-component/util": "^1.2.1", "clsx": "^2.1.1" }, "peerDependencies": { "react": ">=16.11.0", "react-dom": ">=16.11.0" } }, "sha512-6PY2ecUSYhDPhkNHHb4wfeAya04WhpmUSKzdR60G+kMNVUCX2vjT/AgTS0Lz0I/K6xrPMJ3enQbwVpeN3sHCgg=="],

    "@rc-component/form": ["@rc-component/form@1.6.2", "", { "dependencies": { "@rc-component/async-validator": "^5.1.0", "@rc-component/util": "^1.6.2", "clsx": "^2.1.1" }, "peerDependencies": { "react": ">=16.9.0", "react-dom": ">=16.9.0" } }, "sha512-OgIn2RAoaSBqaIgzJf/X6iflIa9LpTozci1lagLBdURDFhGA370v0+T0tXxOi8YShMjTha531sFhwtnrv+EJaQ=="],

    "@rc-component/image": ["@rc-component/image@1.6.0", "", { "dependencies": { "@rc-component/motion": "^1.0.0", "@rc-component/portal": "^2.1.2", "@rc-component/util": "^1.3.0", "clsx": "^2.1.1" }, "peerDependencies": { "react": ">=16.9.0", "react-dom": ">=16.9.0" } }, "sha512-tSfn2ZE/oP082g4QIOxeehkmgnXB7R+5AFj/lIFr4k7pEuxHBdyGIq9axoCY9qea8NN0DY6p4IB/F07tLqaT5A=="],

    "@rc-component/input": ["@rc-component/input@1.1.2", "", { "dependencies": { "@rc-component/util": "^1.4.0", "clsx": "^2.1.1" }, "peerDependencies": { "react": ">=16.0.0", "react-dom": ">=16.0.0" } }, "sha512-Q61IMR47piUBudgixJ30CciKIy9b1H95qe7GgEKOmSJVJXvFRWJllJfQry9tif+MX2cWFXWJf/RXz4kaCeq/Fg=="],

    "@rc-component/input-number": ["@rc-component/input-number@1.6.2", "", { "dependencies": { "@rc-component/mini-decimal": "^1.0.1", "@rc-component/util": "^1.4.0", "clsx": "^2.1.1" }, "peerDependencies": { "react": ">=16.9.0", "react-dom": ">=16.9.0" } }, "sha512-Gjcq7meZlCOiWN1t1xCC+7/s85humHVokTBI7PJgTfoyw5OWF74y3e6P8PHX104g9+b54jsodFIzyaj6p8LI9w=="],

    "@rc-component/mentions": ["@rc-component/mentions@1.6.0", "", { "dependencies": { "@rc-component/input": "~1.1.0", "@rc-component/menu": "~1.2.0", "@rc-component/textarea": "~1.1.0", "@rc-component/trigger": "^3.0.0", "@rc-component/util": "^1.3.0", "clsx": "^2.1.1" }, "peerDependencies": { "react": ">=16.9.0", "react-dom": ">=16.9.0" } }, "sha512-KIkQNP6habNuTsLhUv0UGEOwG67tlmE7KNIJoQZZNggEZl5lQJTytFDb69sl5CK3TDdISCTjKP3nGEBKgT61CQ=="],

    "@rc-component/menu": ["@rc-component/menu@1.2.0", "", { "dependencies": { "@rc-component/motion": "^1.1.4", "@rc-component/overflow": "^1.0.0", "@rc-component/trigger": "^3.0.0", "@rc-component/util": "^1.3.0", "clsx": "^2.1.1" }, "peerDependencies": { "react": ">=16.9.0", "react-dom": ">=16.9.0" } }, "sha512-VWwDuhvYHSnTGj4n6bV3ISrLACcPAzdPOq3d0BzkeiM5cve8BEYfvkEhNoM0PLzv51jpcejeyrLXeMVIJ+QJlg=="],

    "@rc-component/mini-decimal": ["@rc-component/mini-decimal@1.1.0", "", { "dependencies": { "@babel/runtime": "^7.18.0" } }, "sha512-jS4E7T9Li2GuYwI6PyiVXmxTiM6b07rlD9Ge8uGZSCz3WlzcG5ZK7g5bbuKNeZ9pgUuPK/5guV781ujdVpm4HQ=="],

    "@rc-component/motion": ["@rc-component/motion@1.1.6", "", { "dependencies": { "@rc-component/util": "^1.2.0", "clsx": "^2.1.1" }, "peerDependencies": { "react": ">=16.9.0", "react-dom": ">=16.9.0" } }, "sha512-aEQobs/YA0kqRvHIPjQvOytdtdRVyhf/uXAal4chBjxDu6odHckExJzjn2D+Ju1aKK6hx3pAs6BXdV9+86xkgQ=="],

    "@rc-component/mutate-observer": ["@rc-component/mutate-observer@2.0.1", "", { "dependencies": { "@rc-component/util": "^1.2.0" }, "peerDependencies": { "react": ">=16.9.0", "react-dom": ">=16.9.0" } }, "sha512-AyarjoLU5YlxuValRi+w8JRH2Z84TBbFO2RoGWz9d8bSu0FqT8DtugH3xC3BV7mUwlmROFauyWuXFuq4IFbH+w=="],

    "@rc-component/notification": ["@rc-component/notification@1.2.0", "", { "dependencies": { "@rc-component/motion": "^1.1.4", "@rc-component/util": "^1.2.1", "clsx": "^2.1.1" }, "peerDependencies": { "react": ">=16.9.0", "react-dom": ">=16.9.0" } }, "sha512-OX3J+zVU7rvoJCikjrfW7qOUp7zlDeFBK2eA3SFbGSkDqo63Sl4Ss8A04kFP+fxHSxMDIS9jYVEZtU1FNCFuBA=="],

    "@rc-component/overflow": ["@rc-component/overflow@1.0.0", "", { "dependencies": { "@babel/runtime": "^7.11.1", "@rc-component/resize-observer": "^1.0.1", "@rc-component/util": "^1.4.0", "clsx": "^2.1.1" }, "peerDependencies": { "react": ">=16.9.0", "react-dom": ">=16.9.0" } }, "sha512-GSlBeoE0XTBi5cf3zl8Qh7Uqhn7v8RrlJ8ajeVpEkNe94HWy5l5BQ0Mwn2TVUq9gdgbfEMUmTX7tJFAg7mz0Rw=="],

    "@rc-component/pagination": ["@rc-component/pagination@1.2.0", "", { "dependencies": { "@rc-component/util": "^1.3.0", "clsx": "^2.1.1" }, "peerDependencies": { "react": ">=16.9.0", "react-dom": ">=16.9.0" } }, "sha512-YcpUFE8dMLfSo6OARJlK6DbHHvrxz7pMGPGmC/caZSJJz6HRKHC1RPP001PRHCvG9Z/veD039uOQmazVuLJzlw=="],

    "@rc-component/picker": ["@rc-component/picker@1.9.0", "", { "dependencies": { "@rc-component/overflow": "^1.0.0", "@rc-component/resize-observer": "^1.0.0", "@rc-component/trigger": "^3.6.15", "@rc-component/util": "^1.3.0", "clsx": "^2.1.1" }, "peerDependencies": { "date-fns": ">= 2.x", "dayjs": ">= 1.x", "luxon": ">= 3.x", "moment": ">= 2.x", "react": ">=16.9.0", "react-dom": ">=16.9.0" }, "optionalPeers": ["date-fns", "dayjs", "luxon", "moment"] }, "sha512-OLisdk8AWVCG9goBU1dWzuH5QlBQk8jktmQ6p0/IyBFwdKGwyIZOSjnBYo8hooHiTdl0lU+wGf/OfMtVBw02KQ=="],

    "@rc-component/portal": ["@rc-component/portal@2.2.0", "", { "dependencies": { "@rc-component/util": "^1.2.1", "clsx": "^2.1.1" }, "peerDependencies": { "react": ">=18.0.0", "react-dom": ">=18.0.0" } }, "sha512-oc6FlA+uXCMiwArHsJyHcIkX4q6uKyndrPol2eWX8YPkAnztHOPsFIRtmWG4BMlGE5h7YIRE3NiaJ5VS8Lb1QQ=="],

    "@rc-component/progress": ["@rc-component/progress@1.0.2", "", { "dependencies": { "@rc-component/util": "^1.2.1", "clsx": "^2.1.1" }, "peerDependencies": { "react": ">=16.9.0", "react-dom": ">=16.9.0" } }, "sha512-WZUnH9eGxH1+xodZKqdrHke59uyGZSWgj5HBM5Kwk5BrTMuAORO7VJ2IP5Qbm9aH3n9x3IcesqHHR0NWPBC7fQ=="],

    "@rc-component/qrcode": ["@rc-component/qrcode@1.1.1", "", { "dependencies": { "@babel/runtime": "^7.24.7" }, "peerDependencies": { "react": ">=16.9.0", "react-dom": ">=16.9.0" } }, "sha512-LfLGNymzKdUPjXUbRP+xOhIWY4jQ+YMj5MmWAcgcAq1Ij8XP7tRmAXqyuv96XvLUBE/5cA8hLFl9eO1JQMujrA=="],

    "@rc-component/rate": ["@rc-component/rate@1.0.1", "", { "dependencies": { "@rc-component/util": "^1.3.0", "clsx": "^2.1.1" }, "peerDependencies": { "react": ">=16.9.0", "react-dom": ">=16.9.0" } }, "sha512-bkXxeBqDpl5IOC7yL7GcSYjQx9G8H+6kLYQnNZWeBYq2OYIv1MONd6mqKTjnnJYpV0cQIU2z3atdW0j1kttpTw=="],

    "@rc-component/resize-observer": ["@rc-component/resize-observer@1.1.1", "", { "dependencies": { "@rc-component/util": "^1.2.0" }, "peerDependencies": { "react": ">=16.9.0", "react-dom": ">=16.9.0" } }, "sha512-NfXXMmiR+SmUuKE1NwJESzEUYUFWIDUn2uXpxCTOLwiRUUakd62DRNFjRJArgzyFW8S5rsL4aX5XlyIXyC/vRA=="],

    "@rc-component/segmented": ["@rc-component/segmented@1.3.0", "", { "dependencies": { "@babel/runtime": "^7.11.1", "@rc-component/motion": "^1.1.4", "@rc-component/util": "^1.3.0", "clsx": "^2.1.1" }, "peerDependencies": { "react": ">=16.0.0", "react-dom": ">=16.0.0" } }, "sha512-5J/bJ01mbDnoA6P/FW8SxUvKn+OgUSTZJPzCNnTBntG50tzoP7DydGhqxp7ggZXZls7me3mc2EQDXakU3iTVFg=="],

    "@rc-component/select": ["@rc-component/select@1.5.2", "", { "dependencies": { "@rc-component/overflow": "^1.0.0", "@rc-component/trigger": "^3.0.0", "@rc-component/util": "^1.3.0", "@rc-component/virtual-list": "^1.0.1", "clsx": "^2.1.1" }, "peerDependencies": { "react": "*", "react-dom": "*" } }, "sha512-7wqD5D4I2+fc5XoB4nzDDK656QPlDnFAUaxLljkU1wwSpi4+MZxndv9vgg7NQfveuuf0/ilUdOjuPg7NPl7Mmg=="],

    "@rc-component/slider": ["@rc-component/slider@1.0.1", "", { "dependencies": { "@rc-component/util": "^1.3.0", "clsx": "^2.1.1" }, "peerDependencies": { "react": ">=16.9.0", "react-dom": ">=16.9.0" } }, "sha512-uDhEPU1z3WDfCJhaL9jfd2ha/Eqpdfxsn0Zb0Xcq1NGQAman0TWaR37OWp2vVXEOdV2y0njSILTMpTfPV1454g=="],

    "@rc-component/steps": ["@rc-component/steps@1.2.2", "", { "dependencies": { "@rc-component/util": "^1.2.1", "clsx": "^2.1.1" }, "peerDependencies": { "react": ">=16.9.0", "react-dom": ">=16.9.0" } }, "sha512-/yVIZ00gDYYPHSY0JP+M+s3ZvuXLu2f9rEjQqiUDs7EcYsUYrpJ/1bLj9aI9R7MBR3fu/NGh6RM9u2qGfqp+Nw=="],

    "@rc-component/switch": ["@rc-component/switch@1.0.3", "", { "dependencies": { "@rc-component/util": "^1.3.0", "clsx": "^2.1.1" }, "peerDependencies": { "react": ">=16.9.0", "react-dom": ">=16.9.0" } }, "sha512-Jgi+EbOBquje/XNdofr7xbJQZPYJP+BlPfR0h+WN4zFkdtB2EWqEfvkXJWeipflwjWip0/17rNbxEAqs8hVHfw=="],

    "@rc-component/table": ["@rc-component/table@1.9.1", "", { "dependencies": { "@rc-component/context": "^2.0.1", "@rc-component/resize-observer": "^1.0.0", "@rc-component/util": "^1.1.0", "@rc-component/virtual-list": "^1.0.1", "clsx": "^2.1.1" }, "peerDependencies": { "react": ">=18.0.0", "react-dom": ">=18.0.0" } }, "sha512-FVI5ZS/GdB3BcgexfCYKi3iHhZS3Fr59EtsxORszYGrfpH1eWr33eDNSYkVfLI6tfJ7vftJDd9D5apfFWqkdJg=="],

    "@rc-component/tabs": ["@rc-component/tabs@1.7.0", "", { "dependencies": { "@rc-component/dropdown": "~1.0.0", "@rc-component/menu": "~1.2.0", "@rc-component/motion": "^1.1.3", "@rc-component/resize-observer": "^1.0.0", "@rc-component/util": "^1.3.0", "clsx": "^2.1.1" }, "peerDependencies": { "react": ">=16.9.0", "react-dom": ">=16.9.0" } }, "sha512-J48cs2iBi7Ho3nptBxxIqizEliUC+ExE23faspUQKGQ550vaBlv3aGF8Epv/UB1vFWeoJDTW/dNzgIU0Qj5i/w=="],

    "@rc-component/textarea": ["@rc-component/textarea@1.1.2", "", { "dependencies": { "@rc-component/input": "~1.1.0", "@rc-component/resize-observer": "^1.0.0", "@rc-component/util": "^1.3.0", "clsx": "^2.1.1" }, "peerDependencies": { "react": ">=16.9.0", "react-dom": ">=16.9.0" } }, "sha512-9rMUEODWZDMovfScIEHXWlVZuPljZ2pd1LKNjslJVitn4SldEzq5vO1CL3yy3Dnib6zZal2r2DPtjy84VVpF6A=="],

    "@rc-component/tooltip": ["@rc-component/tooltip@1.4.0", "", { "dependencies": { "@rc-component/trigger": "^3.7.1", "@rc-component/util": "^1.3.0", "clsx": "^2.1.1" }, "peerDependencies": { "react": ">=18.0.0", "react-dom": ">=18.0.0" } }, "sha512-8Rx5DCctIlLI4raR0I0xHjVTf1aF48+gKCNeAAo5bmF5VoR5YED+A/XEqzXv9KKqrJDRcd3Wndpxh2hyzrTtSg=="],

    "@rc-component/tour": ["@rc-component/tour@2.3.0", "", { "dependencies": { "@rc-component/portal": "^2.2.0", "@rc-component/trigger": "^3.0.0", "@rc-component/util": "^1.7.0", "clsx": "^2.1.1" }, "peerDependencies": { "react": ">=16.9.0", "react-dom": ">=16.9.0" } }, "sha512-K04K9r32kUC+auBSQfr+Fss4SpSIS9JGe56oq/ALAX0p+i2ylYOI1MgR83yBY7v96eO6ZFXcM/igCQmubps0Ow=="],

    "@rc-component/tree": ["@rc-component/tree@1.1.0", "", { "dependencies": { "@rc-component/motion": "^1.0.0", "@rc-component/util": "^1.2.1", "@rc-component/virtual-list": "^1.0.1", "clsx": "^2.1.1" }, "peerDependencies": { "react": "*", "react-dom": "*" } }, "sha512-HZs3aOlvFgQdgrmURRc/f4IujiNBf4DdEeXUlkS0lPoLlx9RoqsZcF0caXIAMVb+NaWqKtGQDnrH8hqLCN5zlA=="],

    "@rc-component/tree-select": ["@rc-component/tree-select@1.6.0", "", { "dependencies": { "@rc-component/select": "~1.5.0", "@rc-component/tree": "~1.1.0", "@rc-component/util": "^1.4.0", "clsx": "^2.1.1" }, "peerDependencies": { "react": "*", "react-dom": "*" } }, "sha512-UvEGmZT+gcVvRwImAZg3/sXw9nUdn4FmCs1rSIMWjEXEIAo0dTGmIyWuLCvs+1rGe9AZ7CHMPiQUEbdadwV0fw=="],

    "@rc-component/trigger": ["@rc-component/trigger@3.9.0", "", { "dependencies": { "@rc-component/motion": "^1.1.4", "@rc-component/portal": "^2.2.0", "@rc-component/resize-observer": "^1.1.1", "@rc-component/util": "^1.2.1", "clsx": "^2.1.1" }, "peerDependencies": { "react": ">=18.0.0", "react-dom": ">=18.0.0" } }, "sha512-X8btpwfrT27AgrZVOz4swclhEHTZcqaHeQMXXBgveagOiakTa36uObXbdwerXffgV8G9dH1fAAE0DHtVQs8EHg=="],

    "@rc-component/upload": ["@rc-component/upload@1.1.0", "", { "dependencies": { "@rc-component/util": "^1.3.0", "clsx": "^2.1.1" }, "peerDependencies": { "react": ">=16.9.0", "react-dom": ">=16.9.0" } }, "sha512-LIBV90mAnUE6VK5N4QvForoxZc4XqEYZimcp7fk+lkE4XwHHyJWxpIXQQwMU8hJM+YwBbsoZkGksL1sISWHQxw=="],

    "@rc-component/util": ["@rc-component/util@1.8.1", "", { "dependencies": { "is-mobile": "^5.0.0", "react-is": "^18.2.0" }, "peerDependencies": { "react": ">=18.0.0", "react-dom": ">=18.0.0" } }, "sha512-Ku6BzF0Ov5L9U3ewFJZDQ//iWCR2nIkLBBiYSrhxIVl3PqeUqiYP2W8gNI8qoKAFQKZdYcS0+B6+SQTDtv/erw=="],

    "@rc-component/virtual-list": ["@rc-component/virtual-list@1.0.2", "", { "dependencies": { "@babel/runtime": "^7.20.0", "@rc-component/resize-observer": "^1.0.1", "@rc-component/util": "^1.4.0", "clsx": "^2.1.1" }, "peerDependencies": { "react": ">=16.9.0", "react-dom": ">=16.9.0" } }, "sha512-uvTol/mH74FYsn5loDGJxo+7kjkO4i+y4j87Re1pxJBs0FaeuMuLRzQRGaXwnMcV1CxpZLi2Z56Rerj2M00fjQ=="],

    "@sveltejs/acorn-typescript": ["@sveltejs/acorn-typescript@1.0.9", "", { "peerDependencies": { "acorn": "^8.9.0" } }, "sha512-lVJX6qEgs/4DOcRTpo56tmKzVPtoWAaVbL4hfO7t7NVwl9AAXzQR6cihesW1BmNMPl+bK6dreu2sOKBP2Q9CIA=="],

    "@types/bun": ["@types/bun@1.3.5", "", { "dependencies": { "bun-types": "1.3.5" } }, "sha512-RnygCqNrd3srIPEWBd5LFeUYG7plCoH2Yw9WaZGyNmdTEei+gWaHqydbaIRkIkcbXwhBT94q78QljxN0Sk838w=="],

    "@types/estree": ["@types/estree@1.0.8", "", {}, "sha512-dWHzHa2WqEXI/O1E9OjrocMTKJl2mSrEolh1Iomrv6U+JuNwaHXsXx9bLu5gG7BUWFIN0skIQJQ/L1rIex4X6w=="],

    "@types/node": ["@types/node@24.9.1", "", { "dependencies": { "undici-types": "~7.16.0" } }, "sha512-QoiaXANRkSXK6p0Duvt56W208du4P9Uye9hWLWgGMDTEoKPhuenzNcC4vGUmrNkiOKTlIrBoyNQYNpSwfEZXSg=="],

    "@types/prop-types": ["@types/prop-types@15.7.15", "", {}, "sha512-F6bEyamV9jKGAFBEmlQnesRPGOQqS2+Uwi0Em15xenOxHaf2hv6L8YCVn3rPdPJOiJfPiCnLIRyvwVaqMY3MIw=="],

    "@types/react": ["@types/react@18.3.31", "", { "dependencies": { "@types/prop-types": "*", "csstype": "^3.2.2" } }, "sha512-vfEqpXTvwT91yhmwdfouStN2hSKwTvyRs8qpLfADyrq/kxDw0hZM7Wk9Ug1FELj8hIby+S/+kQCSRFF32nv2Qw=="],

    "@types/react-dom": ["@types/react-dom@18.3.7", "", { "peerDependencies": { "@types/react": "^18.0.0" } }, "sha512-MEe3UeoENYVFXzoXEWsvcpg6ZvlrFNlOQ7EOsvhI3CfAXwzPfO8Qwuxd40nepsYKqyyVQnTdEfv68q91yLcKrQ=="],

    "acorn": ["acorn@8.15.0", "", { "bin": { "acorn": "bin/acorn" } }, "sha512-NZyJarBfL7nWwIq+FDL6Zp/yHEhePMNnnJ0y3qfieCrmNvYct8uvtiV41UvlSe6apAfk0fY1FbWx+NwfmpvtTg=="],

    "ansi-regex": ["ansi-regex@5.0.1", "", {}, "sha512-quJQXlTSUGL2LH9SUXo8VwsY4soanhgo6LNSm84E1LBcE8s3O0wpdiRzyR9z/ZZJMlMWv37qOOb9pdJlMUEKFQ=="],

    "ansi-styles": ["ansi-styles@4.3.0", "", { "dependencies": { "color-convert": "^2.0.1" } }, "sha512-zbB9rCJAT1rbjiVDb2hqKFHNYLxgtk8NURxZ3IZwD3F6NtxbXZQCnnSi1Lkx+IDohdPlFp222wVALIheZJQSEg=="],

    "antd": ["antd@6.2.2", "", { "dependencies": { "@ant-design/colors": "^8.0.1", "@ant-design/cssinjs": "^2.0.3", "@ant-design/cssinjs-utils": "^2.0.2", "@ant-design/fast-color": "^3.0.1", "@ant-design/icons": "^6.1.0", "@ant-design/react-slick": "~2.0.0", "@babel/runtime": "^7.28.4", "@rc-component/cascader": "~1.11.0", "@rc-component/checkbox": "~1.0.1", "@rc-component/collapse": "~1.2.0", "@rc-component/color-picker": "~3.0.3", "@rc-component/dialog": "~1.8.0", "@rc-component/drawer": "~1.4.0", "@rc-component/dropdown": "~1.0.2", "@rc-component/form": "~1.6.2", "@rc-component/image": "~1.6.0", "@rc-component/input": "~1.1.2", "@rc-component/input-number": "~1.6.2", "@rc-component/mentions": "~1.6.0", "@rc-component/menu": "~1.2.0", "@rc-component/motion": "~1.1.6", "@rc-component/mutate-observer": "^2.0.1", "@rc-component/notification": "~1.2.0", "@rc-component/pagination": "~1.2.0", "@rc-component/picker": "~1.9.0", "@rc-component/progress": "~1.0.2", "@rc-component/qrcode": "~1.1.1", "@rc-component/rate": "~1.0.1", "@rc-component/resize-observer": "^1.1.1", "@rc-component/segmented": "~1.3.0", "@rc-component/select": "~1.5.1", "@rc-component/slider": "~1.0.1", "@rc-component/steps": "~1.2.2", "@rc-component/switch": "~1.0.3", "@rc-component/table": "~1.9.1", "@rc-component/tabs": "~1.7.0", "@rc-component/textarea": "~1.1.2", "@rc-component/tooltip": "~1.4.0", "@rc-component/tour": "~2.3.0", "@rc-component/tree": "~1.1.0", "@rc-component/tree-select": "~1.6.0", "@rc-component/trigger": "^3.9.0", "@rc-component/upload": "~1.1.0", "@rc-component/util": "^1.7.0", "clsx": "^2.1.1", "dayjs": "^1.11.11", "scroll-into-view-if-needed": "^3.1.0", "throttle-debounce": "^5.0.2" }, "peerDependencies": { "react": ">=18.0.0", "react-dom": ">=18.0.0" } }, "sha512-f5RvWnhjt2gZTpBMW3msHwA3IeaCJBHDwVyEsskYGp0EXcRhhklWrltkybDki0ysBNywkjLPp3wuuWhIKfplcQ=="],

    "aria-query": ["aria-query@5.3.2", "", {}, "sha512-COROpnaoap1E2F000S62r6A60uHZnmlvomhfyT2DlTcrY1OrBKn2UhH7qn5wTC9zMvD0AY7csdPSNwKP+7WiQw=="],

    "axobject-query": ["axobject-query@4.1.0", "", {}, "sha512-qIj0G9wZbMGNLjLmg1PT6v2mE9AH2zlnADJD/2tC6E00hgmhUOfEB6greHPAfLRSufHqROIUTkw6E+M3lH0PTQ=="],

    "bun-types": ["bun-types@1.3.5", "", { "dependencies": { "@types/node": "*" } }, "sha512-inmAYe2PFLs0SUbFOWSVD24sg1jFlMPxOjOSSCYqUgn4Hsc3rDc7dFvfVYjFPNHtov6kgUeulV4SxbuIV/stPw=="],

    "chokidar": ["chokidar@4.0.3", "", { "dependencies": { "readdirp": "^4.0.1" } }, "sha512-Qgzu8kfBvo+cA4962jnP1KkS6Dop5NS6g7R5LFYJr4b8Ub94PPQXUksCw9PvXoeXPRRddRNC5C1JQUR2SMGtnA=="],

    "cliui": ["cliui@8.0.1", "", { "dependencies": { "string-width": "^4.2.0", "strip-ansi": "^6.0.1", "wrap-ansi": "^7.0.0" } }, "sha512-BSeNnyus75C4//NQ9gQt1/csTXyo/8Sb+afLAkzAptFuMsod9HFokGNudZpi/oQV73hnVK+sR+5PVRMd+Dr7YQ=="],

    "clsx": ["clsx@2.1.1", "", {}, "sha512-eYm0QWBtUrBWZWG0d386OGAw16Z995PiOVo2B7bjWSbHedGl5e0ZWaq65kOGgUSNesEIDkB9ISbTg/JK9dhCZA=="],

    "color-convert": ["color-convert@2.0.1", "", { "dependencies": { "color-name": "~1.1.4" } }, "sha512-RRECPsj7iu/xb5oKYcsFHSppFNnsj/52OVTRKb4zP5onXwVF3zVmmToNcOfGC+CRDpfK/U584fMg38ZHCaElKQ=="],

    "color-name": ["color-name@1.1.4", "", {}, "sha512-dOy+3AuW3a2wNbZHIuMZpTcgjGuLU/uBL/ubcZF9OXbDo8ff4O8yVp5Bf0efS8uEoYo5q4Fx7dY9OgQGXgAsQA=="],

    "compress-json": ["compress-json@3.4.0", "", {}, "sha512-SxT8uFOacRbP3gfi4aVAulr4KzE933eZWBguVBwuVWv3GTGQAToqpq8rFtdbIVgeCOH7RpPuXKQrPPd087b8uA=="],

    "compute-scroll-into-view": ["compute-scroll-into-view@3.1.1", "", {}, "sha512-VRhuHOLoKYOy4UbilLbUzbYg93XLjv2PncJC50EuTWPA3gaja1UjBsUP/D/9/juV3vQFr6XBEzn9KCAHdUvOHw=="],

    "csstype": ["csstype@3.2.3", "", {}, "sha512-z1HGKcYy2xA8AGQfwrn0PAy+PB7X/GSj3UVJW9qKyn43xWa+gl5nXmU4qqLMRzWVLFC8KusUX8T/0kCiOYpAIQ=="],

    "dayjs": ["dayjs@1.11.19", "", {}, "sha512-t5EcLVS6QPBNqM2z8fakk/NKel+Xzshgt8FFKAn+qwlD1pzZWxh0nVCrvFK7ZDb6XucZeF9z8C7CBWTRIVApAw=="],

    "dprint": ["dprint@0.50.2", "", { "optionalDependencies": { "@dprint/darwin-arm64": "0.50.2", "@dprint/darwin-x64": "0.50.2", "@dprint/linux-arm64-glibc": "0.50.2", "@dprint/linux-arm64-musl": "0.50.2", "@dprint/linux-riscv64-glibc": "0.50.2", "@dprint/linux-x64-glibc": "0.50.2", "@dprint/linux-x64-musl": "0.50.2", "@dprint/win32-arm64": "0.50.2", "@dprint/win32-x64": "0.50.2" }, "bin": { "dprint": "bin.js" } }, "sha512-+0Fzg+17jsMMUouK00/Fara5YtGOuE76EAJINHB8VpkXHd0n00rMXtw/03qorOgz23eo8Y0UpYvNZBJJo3aNtw=="],

    "emoji-regex": ["emoji-regex@8.0.0", "", {}, "sha512-MSjYzcWNOA0ewAHpz0MxpYFvwg6yjy1NG3xteoqz644VCo/RPgnr1/GGt+ic3iJTzQ8Eu3TdM14SawnVUmGE6A=="],

    "esbuild": ["esbuild@0.25.11", "", { "optionalDependencies": { "@esbuild/aix-ppc64": "0.25.11", "@esbuild/android-arm": "0.25.11", "@esbuild/android-arm64": "0.25.11", "@esbuild/android-x64": "0.25.11", "@esbuild/darwin-arm64": "0.25.11", "@esbuild/darwin-x64": "0.25.11", "@esbuild/freebsd-arm64": "0.25.11", "@esbuild/freebsd-x64": "0.25.11", "@esbuild/linux-arm": "0.25.11", "@esbuild/linux-arm64": "0.25.11", "@esbuild/linux-ia32": "0.25.11", "@esbuild/linux-loong64": "0.25.11", "@esbuild/linux-mips64el": "0.25.11", "@esbuild/linux-ppc64": "0.25.11", "@esbuild/linux-riscv64": "0.25.11", "@esbuild/linux-s390x": "0.25.11", "@esbuild/linux-x64": "0.25.11", "@esbuild/netbsd-arm64": "0.25.11", "@esbuild/netbsd-x64": "0.25.11", "@esbuild/openbsd-arm64": "0.25.11", "@esbuild/openbsd-x64": "0.25.11", "@esbuild/openharmony-arm64": "0.25.11", "@esbuild/sunos-x64": "0.25.11", "@esbuild/win32-arm64": "0.25.11", "@esbuild/win32-ia32": "0.25.11", "@esbuild/win32-x64": "0.25.11" }, "bin": { "esbuild": "bin/esbuild" } }, "sha512-KohQwyzrKTQmhXDW1PjCv3Tyspn9n5GcY2RTDqeORIdIJY8yKIF7sTSopFmn/wpMPW4rdPXI0UE5LJLuq3bx0Q=="],

    "esbuild-svelte": ["esbuild-svelte@0.9.4", "", { "dependencies": { "@jridgewell/trace-mapping": "^0.3.19" }, "peerDependencies": { "esbuild": ">=0.17.0", "svelte": ">=4.2.1 <6" } }, "sha512-v/a0GjkKN06nal2QLluxjk2GXsei3fdtjIuHRa6pVnri5rQBZ6pj4a2WwjLfRojgRsLwDHl4xSeZ1BeUHsqQrw=="],

    "escalade": ["escalade@3.2.0", "", {}, "sha512-WUj2qlxaQtO4g6Pq5c29GTcWGDyd8itL8zTlipgECz3JesAiiOKotd8JU6otB3PACgG6xkJUyVhboMS+bje/jA=="],

    "esm-env": ["esm-env@1.2.2", "", {}, "sha512-Epxrv+Nr/CaL4ZcFGPJIYLWFom+YeV1DqMLHJoEd9SYRxNbaFruBwfEX/kkHUJf55j2+TUbmDcmuilbP1TmXHA=="],

    "esrap": ["esrap@2.2.3", "", { "dependencies": { "@jridgewell/sourcemap-codec": "^1.4.15" } }, "sha512-8fOS+GIGCQZl/ZIlhl59htOlms6U8NvX6ZYgYHpRU/b6tVSh3uHkOHZikl3D4cMbYM0JlpBe+p/BkZEi8J9XIQ=="],

    "eventemitter3": ["eventemitter3@5.0.4", "", {}, "sha512-mlsTRyGaPBjPedk6Bvw+aqbsXDtoAyAzm5MO7JgU+yVRyMQ5O8bD4Kcci7BS85f93veegeCPkL8R4GLClnjLFw=="],

    "fdir": ["fdir@6.5.0", "", { "peerDependencies": { "picomatch": "^3 || ^4" }, "optionalPeers": ["picomatch"] }, "sha512-tIbYtZbucOs0BRGqPJkshJUYdL+SDH7dVM8gjy+ERp3WAUjLEFJE+02kanyHtwjWOnwrKYBiwAmM0p4kLJAnXg=="],

    "get-caller-file": ["get-caller-file@2.0.5", "", {}, "sha512-DyFP3BM/3YHTQOCUL/w0OZHR0lpKeGrxotcHWcqNEdnltqFwXVfhEBQ94eIo34AfQpo0rGki4cyIiftY06h2Fg=="],

    "is-fullwidth-code-point": ["is-fullwidth-code-point@3.0.0", "", {}, "sha512-zymm5+u+sCsSWyD9qNaejV3DFvhCKclKdizYaJUuHA83RLjb7nSuGnddCHGv0hk+KY7BMAlsWeK4Ueg6EV6XQg=="],

    "is-mobile": ["is-mobile@5.0.0", "", {}, "sha512-Tz/yndySvLAEXh+Uk8liFCxOwVH6YutuR74utvOcu7I9Di+DwM0mtdPVZNaVvvBUM2OXxne/NhOs1zAO7riusQ=="],

    "is-reference": ["is-reference@3.0.3", "", { "dependencies": { "@types/estree": "^1.0.6" } }, "sha512-ixkJoqQvAP88E6wLydLGGqCJsrFUnqoH6HnaczB8XmDH1oaWU+xxdptvikTgaEhtZ53Ky6YXiBuUI2WXLMCwjw=="],

    "json2mq": ["json2mq@0.2.0", "", { "dependencies": { "string-convert": "^0.2.0" } }, "sha512-SzoRg7ux5DWTII9J2qkrZrqV1gt+rTaoufMxEzXbS26Uid0NwaJd123HcoB80TgubEppxxIGdNxCx50fEoEWQA=="],

    "locate-character": ["locate-character@3.0.0", "", {}, "sha512-SW13ws7BjaeJ6p7Q6CO2nchbYEc3X3J6WrmTTDto7yMPqVSZTUyY5Tjbid+Ab8gLnATtygYtiDIJGQRRn2ZOiA=="],

    "magic-string": ["magic-string@0.30.21", "", { "dependencies": { "@jridgewell/sourcemap-codec": "^1.5.5" } }, "sha512-vd2F4YUyEXKGcLHoq+TEyCjxueSeHnFxyyjNp80yg0XV4vUhnDer/lvvlqM/arB5bXQN5K2/3oinyCRyx8T2CQ=="],

    "mobx": ["mobx@6.15.0", "", {}, "sha512-UczzB+0nnwGotYSgllfARAqWCJ5e/skuV2K/l+Zyck/H6pJIhLXuBnz+6vn2i211o7DtbE78HQtsYEKICHGI+g=="],

    "mri": ["mri@1.2.0", "", {}, "sha512-tzzskb3bG8LvYGFF/mDTpq3jpI6Q9wc3LEmBaghu+DdCssd1FakN7Bc0hVNmEyGq1bq3RgfkCb3cmQLpNPOroA=="],

    "phaser": ["phaser@3.90.0", "", { "dependencies": { "eventemitter3": "^5.0.1" } }, "sha512-/cziz/5ZIn02uDkC9RzN8VF9x3Gs3XdFFf9nkiMEQT3p7hQlWuyjy4QWosU802qqno2YSLn2BfqwOKLv/sSVfQ=="],

    "picocolors": ["picocolors@1.1.1", "", {}, "sha512-xceH2snhtb5M9liqDsmEw56le376mTZkEX/jEb/RxNFyegNul7eNslCXP9FDj/Lcu0X8KEyMceP2ntpaHrDEVA=="],

    "picomatch": ["picomatch@2.3.1", "", {}, "sha512-JU3teHTNjmE2VCGFzuY8EXzCDVwEqB2a8fsIvwaStHhAWJEeVd1o1QD80CU6+ZdEXXSLbSsuLwJjkCBWqRQUVA=="],

    "react": ["react@19.2.4", "", {}, "sha512-9nfp2hYpCwOjAN+8TZFGhtWEwgvWHXqESH8qT89AT/lWklpLON22Lc8pEtnpsZz7VmawabSU0gCjnj8aC0euHQ=="],

    "react-dom": ["react-dom@19.2.4", "", { "dependencies": { "scheduler": "^0.27.0" }, "peerDependencies": { "react": "^19.2.4" } }, "sha512-AXJdLo8kgMbimY95O2aKQqsz2iWi9jMgKJhRBAxECE4IFxfcazB2LmzloIoibJI3C12IlY20+KFaLv+71bUJeQ=="],

    "react-is": ["react-is@18.3.1", "", {}, "sha512-/LLMVyas0ljjAtoYiPqYiL8VWXzUUdThrmU5+n20DZv+a+ClRoevUzw5JxU+Ieh5/c87ytoTBV9G1FiKfNJdmg=="],

    "readdirp": ["readdirp@4.1.2", "", {}, "sha512-GDhwkLfywWL2s6vEjyhri+eXmfH6j1L7JE27WhqLeYzoh/A3DBaYGEj2H/HFZCn/kMfim73FXxEJTw06WtxQwg=="],

    "require-directory": ["require-directory@2.1.1", "", {}, "sha512-fGxEI7+wsG9xrvdjsrlmL22OMTTiHRwAMroiEeMgq8gzoLC/PQr7RsRDSTLUg/bZAZtF+TVIkHc6/4RIKrui+Q=="],

    "sade": ["sade@1.8.1", "", { "dependencies": { "mri": "^1.1.0" } }, "sha512-xal3CZX1Xlo/k4ApwCFrHVACi9fBqJ7V+mwhBsuf/1IOKbBy098Fex+Wa/5QMubw09pSZ/u8EY8PWgevJsXp1A=="],

    "scheduler": ["scheduler@0.27.0", "", {}, "sha512-eNv+WrVbKu1f3vbYJT/xtiF5syA5HPIMtf9IgY/nKg0sWqzAUEvqY/xm7OcZc/qafLx/iO9FgOmeSAp4v5ti/Q=="],

    "scroll-into-view-if-needed": ["scroll-into-view-if-needed@3.1.0", "", { "dependencies": { "compute-scroll-into-view": "^3.0.2" } }, "sha512-49oNpRjWRvnU8NyGVmUaYG4jtTkNonFZI86MmGRDqBphEK2EXT9gdEUoQPZhuBM8yWHxCWbobltqYO5M4XrUvQ=="],

    "string-convert": ["string-convert@0.2.1", "", {}, "sha512-u/1tdPl4yQnPBjnVrmdLo9gtuLvELKsAoRapekWggdiQNvvvum+jYF329d84NAa660KQw7pB2n36KrIKVoXa3A=="],

    "string-width": ["string-width@4.2.3", "", { "dependencies": { "emoji-regex": "^8.0.0", "is-fullwidth-code-point": "^3.0.0", "strip-ansi": "^6.0.1" } }, "sha512-wKyQRQpjJ0sIp62ErSZdGsjMJWsap5oRNihHhu6G7JVO/9jIB6UyevL+tXuOqrng8j/cxKTWyWUwvSTriiZz/g=="],

    "strip-ansi": ["strip-ansi@6.0.1", "", { "dependencies": { "ansi-regex": "^5.0.1" } }, "sha512-Y38VPSHcqkFrCpFnQ9vuSXmquuv5oXOKpGeT6aGrr3o3Gc9AlVa6JBfUSOCnbxGGZF+/0ooI7KrPuUSztUdU5A=="],

    "stylis": ["stylis@4.3.6", "", {}, "sha512-yQ3rwFWRfwNUY7H5vpU0wfdkNSnvnJinhF9830Swlaxl03zsOjCfmX0ugac+3LtK0lYSgwL/KXc8oYL3mG4YFQ=="],

    "svelte": ["svelte@5.43.0", "", { "dependencies": { "@jridgewell/remapping": "^2.3.4", "@jridgewell/sourcemap-codec": "^1.5.0", "@sveltejs/acorn-typescript": "^1.0.5", "@types/estree": "^1.0.5", "acorn": "^8.12.1", "aria-query": "^5.3.1", "axobject-query": "^4.1.0", "clsx": "^2.1.1", "esm-env": "^1.2.1", "esrap": "^2.1.0", "is-reference": "^3.0.3", "locate-character": "^3.0.0", "magic-string": "^0.30.11", "zimmerframe": "^1.1.2" } }, "sha512-1sRxVbgJAB+UGzwkc3GUoiBSzEOf0jqzccMaVoI2+pI+kASUe9qubslxace8+Mzhqw19k4syTA5niCIJwfXpOA=="],

    "svelte-check": ["svelte-check@4.4.6", "", { "dependencies": { "@jridgewell/trace-mapping": "^0.3.25", "chokidar": "^4.0.1", "fdir": "^6.2.0", "picocolors": "^1.0.0", "sade": "^1.7.4" }, "peerDependencies": { "svelte": "^4.0.0 || ^5.0.0-next.0", "typescript": ">=5.0.0" }, "bin": { "svelte-check": "bin/svelte-check" } }, "sha512-kP1zG81EWaFe9ZyTv4ZXv44Csi6Pkdpb7S3oj6m+K2ec/IcDg/a8LsFsnVLqm2nxtkSwsd5xPj/qFkTBgXHXjg=="],

    "svelte-toggle": ["svelte-toggle@4.0.1", "", {}, "sha512-omE2zHKmijXebDoNNjfV4JKEoUTSIBSoqg16/gzCfHKcwnafk0DAN9d4mwIg5F7ipyYc51sd9A9B2qwmbxypLw=="],

    "throttle-debounce": ["throttle-debounce@5.0.2", "", {}, "sha512-B71/4oyj61iNH0KeCamLuE2rmKuTO5byTOSVwECM5FA7TiAiAW+UqTKZ9ERueC4qvgSttUhdmq1mXC3kJqGX7A=="],

    "typescript": ["typescript@6.0.2", "", { "bin": { "tsc": "bin/tsc", "tsserver": "bin/tsserver" } }, "sha512-bGdAIrZ0wiGDo5l8c++HWtbaNCWTS4UTv7RaTH/ThVIgjkveJt83m74bBHMJkuCbslY8ixgLBVZJIOiQlQTjfQ=="],

    "undici-types": ["undici-types@7.16.0", "", {}, "sha512-Zz+aZWSj8LE6zoxD+xrjh4VfkIG8Ya6LvYkZqtUQGJPZjYl53ypCaUwWqo7eI0x66KBGeRo+mlBEkMSeSZ38Nw=="],

    "wrap-ansi": ["wrap-ansi@7.0.0", "", { "dependencies": { "ansi-styles": "^4.0.0", "string-width": "^4.1.0", "strip-ansi": "^6.0.0" } }, "sha512-YVGIj2kamLSTxw6NsZjoBxfSwsn0ycdesmc4p+Q21c5zPuZ1pl+NfxVdxPtdHvmNVOQ6XSYG4AUtyt/Fi7D16Q=="],

    "y18n": ["y18n@5.0.8", "", {}, "sha512-0pfFzegeDWJHJIAmTLRP2DwHjdF5s7jo9tuztdQxAhINCdvS+3nGINqPd00AphqJR/0LhANUS6/+7SCb98YOfA=="],

    "yargs": ["yargs@17.7.2", "", { "dependencies": { "cliui": "^8.0.1", "escalade": "^3.1.1", "get-caller-file": "^2.0.5", "require-directory": "^2.1.1", "string-width": "^4.2.3", "y18n": "^5.0.5", "yargs-parser": "^21.1.1" } }, "sha512-7dSzzRQ++CKnNI/krKnYRV7JKKPUXMEh61soaHKg9mrWEhzFWhFnxPxGl+69cD1Ou63C13NUPCnmIcrvqCuM6w=="],

    "yargs-parser": ["yargs-parser@21.1.1", "", {}, "sha512-tVpsJW7DdjecAiFpbIB1e3qxIQsE6NoPc5/eTdrbbIC4h0LVsWhnoa3g+m2HclBIujHzsxZ4VJVA+GUuc2/LBw=="],

    "zimmerframe": ["zimmerframe@1.1.4", "", {}, "sha512-B58NGBEoc8Y9MWWCQGl/gq9xBCe4IiKM0a2x7GZdQKOW5Exr8S1W24J6OgM1njK8xCRGvAJIL/MxXHf6SkmQKQ=="],

    "zod": ["zod@4.1.12", "", {}, "sha512-JInaHOamG8pt5+Ey8kGmdcAcg3OL9reK8ltczgHTAwNhMys/6ThXHityHxVV2p3fkw/c+MAvBHFVYHFZDmjMCQ=="],

    "@ant-design/cssinjs/csstype": ["csstype@3.1.3", "", {}, "sha512-M1uQkMl8rQK/szD0LNhtqxIPLpimGm8sOBwU7lLnCpSbTyY3yeU1Vc7l4KT5zT4s/yOxHH5O7tIuuLOCnLADRw=="],
  }
}
